
Microsoft Visual Studio Solution File, Format Version 12.00
# Visual Studio 15
Project("{FAE04EC0-301F-11D3-BF4B-00C04F79EFBC}") = "Assembly-CSharp", "Assembly-CSharp.csproj", "{8A3FCE1F-5E81-7AC3-02C2-B534B78A23C6}"
EndProject
Project("{FAE04EC0-301F-11D3-BF4B-00C04F79EFBC}") = "Oculus.VR", "Oculus.VR.csproj", "{AC1E3AC4-BE7A-5243-9B94-515378B8F7E5}"
EndProject
Project("{FAE04EC0-301F-11D3-BF4B-00C04F79EFBC}") = "Assembly-CSharp-firstpass", "Assembly-CSharp-firstpass.csproj", "{4BAAAFCE-805A-B394-B5A0-62E0D799B3B9}"
EndProject
Project("{FAE04EC0-301F-11D3-BF4B-00C04F79EFBC}") = "Assembly-CSharp-Editor-firstpass", "Assembly-CSharp-Editor-firstpass.csproj", "{23203775-94FA-BA29-AFDC-DCD3009F6D75}"
EndProject
Project("{FAE04EC0-301F-11D3-BF4B-00C04F79EFBC}") = "Assembly-CSharp-Editor", "Assembly-CSharp-Editor.csproj", "{53BB23E1-EE87-C941-DE35-08CFF5D31350}"
EndProject
Project("{FAE04EC0-301F-11D3-BF4B-00C04F79EFBC}") = "Oculus.VR.Scripts.Editor", "Oculus.VR.Scripts.Editor.csproj", "{B88C5AED-DD85-4F98-AFF0-8C0C5B398AD9}"
EndProject
Project("{FAE04EC0-301F-11D3-BF4B-00C04F79EFBC}") = "Oculus.VR.Editor", "Oculus.VR.Editor.csproj", "{5D4DA2C3-026C-EDA2-C8F8-DA76853130B0}"
EndProject
Global
	GlobalSection(SolutionConfigurationPlatforms) = preSolution
		Debug|Any CPU = Debug|Any CPU
		Release|Any CPU = Release|Any CPU
	EndGlobalSection
	GlobalSection(ProjectConfigurationPlatforms) = postSolution
		{8A3FCE1F-5E81-7AC3-02C2-B534B78A23C6}.Debug|Any CPU.ActiveCfg = Debug|Any CPU
		{8A3FCE1F-5E81-7AC3-02C2-B534B78A23C6}.Debug|Any CPU.Build.0 = Debug|Any CPU
		{8A3FCE1F-5E81-7AC3-02C2-B534B78A23C6}.Release|Any CPU.ActiveCfg = Release|Any CPU
		{8A3FCE1F-5E81-7AC3-02C2-B534B78A23C6}.Release|Any CPU.Build.0 = Release|Any CPU
		{AC1E3AC4-BE7A-5243-9B94-515378B8F7E5}.Debug|Any CPU.ActiveCfg = Debug|Any CPU
		{AC1E3AC4-BE7A-5243-9B94-515378B8F7E5}.Debug|Any CPU.Build.0 = Debug|Any CPU
		{AC1E3AC4-BE7A-5243-9B94-515378B8F7E5}.Release|Any CPU.ActiveCfg = Release|Any CPU
		{AC1E3AC4-BE7A-5243-9B94-515378B8F7E5}.Release|Any CPU.Build.0 = Release|Any CPU
		{4BAAAFCE-805A-B394-B5A0-62E0D799B3B9}.Debug|Any CPU.ActiveCfg = Debug|Any CPU
		{4BAAAFCE-805A-B394-B5A0-62E0D799B3B9}.Debug|Any CPU.Build.0 = Debug|Any CPU
		{4BAAAFCE-805A-B394-B5A0-62E0D799B3B9}.Release|Any CPU.ActiveCfg = Release|Any CPU
		{4BAAAFCE-805A-B394-B5A0-62E0D799B3B9}.Release|Any CPU.Build.0 = Release|Any CPU
		{23203775-94FA-BA29-AFDC-DCD3009F6D75}.Debug|Any CPU.ActiveCfg = Debug|Any CPU
		{23203775-94FA-BA29-AFDC-DCD3009F6D75}.Debug|Any CPU.Build.0 = Debug|Any CPU
		{23203775-94FA-BA29-AFDC-DCD3009F6D75}.Release|Any CPU.ActiveCfg = Release|Any CPU
		{23203775-94FA-BA29-AFDC-DCD3009F6D75}.Release|Any CPU.Build.0 = Release|Any CPU
		{53BB23E1-EE87-C941-DE35-08CFF5D31350}.Debug|Any CPU.ActiveCfg = Debug|Any CPU
		{53BB23E1-EE87-C941-DE35-08CFF5D31350}.Debug|Any CPU.Build.0 = Debug|Any CPU
		{53BB23E1-EE87-C941-DE35-08CFF5D31350}.Release|Any CPU.ActiveCfg = Release|Any CPU
		{53BB23E1-EE87-C941-DE35-08CFF5D31350}.Release|Any CPU.Build.0 = Release|Any CPU
		{B88C5AED-DD85-4F98-AFF0-8C0C5B398AD9}.Debug|Any CPU.ActiveCfg = Debug|Any CPU
		{B88C5AED-DD85-4F98-AFF0-8C0C5B398AD9}.Debug|Any CPU.Build.0 = Debug|Any CPU
		{B88C5AED-DD85-4F98-AFF0-8C0C5B398AD9}.Release|Any CPU.ActiveCfg = Release|Any CPU
		{B88C5AED-DD85-4F98-AFF0-8C0C5B398AD9}.Release|Any CPU.Build.0 = Release|Any CPU
		{5D4DA2C3-026C-EDA2-C8F8-DA76853130B0}.Debug|Any CPU.ActiveCfg = Debug|Any CPU
		{5D4DA2C3-026C-EDA2-C8F8-DA76853130B0}.Debug|Any CPU.Build.0 = Debug|Any CPU
		{5D4DA2C3-026C-EDA2-C8F8-DA76853130B0}.Release|Any CPU.ActiveCfg = Release|Any CPU
		{5D4DA2C3-026C-EDA2-C8F8-DA76853130B0}.Release|Any CPU.Build.0 = Release|Any CPU
	EndGlobalSection
	GlobalSection(SolutionProperties) = preSolution
		HideSolutionNode = FALSE
	EndGlobalSection
EndGlobal
